<?xml version="1.0" encoding="utf-8"?>
<Project ToolsVersion="4.0" xmlns="http://schemas.microsoft.com/developer/msbuild/2003">
  <ItemGroup>
    <ClCompile Include="Source\Application.cpp">
      <Filter>Application Items</Filter>
    </ClCompile>
    <ClCompile Include="Source\Camera.cpp">
      <Filter>Application Items</Filter>
    </ClCompile>
    <ClCompile Include="Source\Camera3.cpp">
      <Filter>Application Items</Filter>
    </ClCompile>
    <ClCompile Include="Source\AI\Waypoints.cpp">
      <Filter>AI</Filter>
    </ClCompile>
    <ClCompile Include="Source\AI\ProbabilitySystem.cpp">
      <Filter>AI</Filter>
    </ClCompile>
    <ClCompile Include="Source\Highscore.cpp">
      <Filter>Highscore</Filter>
    </ClCompile>
    <ClCompile Include="Source\Record.cpp">
      <Filter>Highscore</Filter>
    </ClCompile>
    <ClCompile Include="Source\SpatialPartition\SpatialPartition.cpp">
      <Filter>Spatial Partition</Filter>
    </ClCompile>
    <ClCompile Include="Source\SpatialPartition\Grid.cpp">
      <Filter>Spatial Partition</Filter>
    </ClCompile>
    <ClCompile Include="Source\Enemy.cpp">
      <Filter>2D</Filter>
    </ClCompile>
    <ClCompile Include="Source\Goodies.cpp">
      <Filter>2D</Filter>
    </ClCompile>
    <ClCompile Include="Source\GoodiesFactory.cpp">
      <Filter>2D</Filter>
    </ClCompile>
    <ClCompile Include="Source\Strategy.cpp">
      <Filter>2D</Filter>
    </ClCompile>
    <ClCompile Include="Source\Strategy_Kill.cpp">
      <Filter>2D</Filter>
    </ClCompile>
    <ClCompile Include="Source\TreasureChest.cpp">
      <Filter>2D</Filter>
    </ClCompile>
    <ClCompile Include="Source\UsingLua.cpp">
      <Filter>Lua</Filter>
    </ClCompile>
    <ClCompile Include="Source\SceneGraph\Model.cpp">
      <Filter>Scene Graph</Filter>
    </ClCompile>
    <ClCompile Include="Source\SceneGraph\Node.cpp">
      <Filter>Scene Graph</Filter>
    </ClCompile>
    <ClCompile Include="Source\SceneGraph\SceneNode.cpp">
      <Filter>Scene Graph</Filter>
    </ClCompile>
    <ClCompile Include="Source\SceneGraph\Transform.cpp">
      <Filter>Scene Graph</Filter>
    </ClCompile>
    <ClCompile Include="Source\Occlusion\Occlusion.cpp">
      <Filter>Occlusion</Filter>
    </ClCompile>
    <ClCompile Include="Source\LoadOBJ.cpp">
      <Filter>Application Items</Filter>
    </ClCompile>
    <ClCompile Include="Source\LoadTGA.cpp">
      <Filter>Application Items</Filter>
    </ClCompile>
    <ClCompile Include="Source\main.cpp">
      <Filter>Application Items</Filter>
    </ClCompile>
    <ClCompile Include="Source\Map.cpp">
      <Filter>Application Items</Filter>
    </ClCompile>
    <ClCompile Include="Source\Mesh.cpp">
      <Filter>Application Items</Filter>
    </ClCompile>
    <ClCompile Include="Source\MeshBuilder.cpp">
      <Filter>Application Items</Filter>
    </ClCompile>
    <ClCompile Include="Source\Minimap.cpp">
      <Filter>Application Items</Filter>
    </ClCompile>
    <ClCompile Include="Source\PlayInfo3PV.cpp">
      <Filter>Application Items</Filter>
    </ClCompile>
    <ClCompile Include="Source\Projectile\Projectile.cpp">
      <Filter>Application Items</Filter>
    </ClCompile>
    <ClCompile Include="Source\Projectile\ProjectileManager.cpp">
      <Filter>Application Items</Filter>
    </ClCompile>
    <ClCompile Include="Source\shader.cpp">
      <Filter>Application Items</Filter>
    </ClCompile>
    <ClCompile Include="Source\SpriteAnimation.cpp">
      <Filter>Application Items</Filter>
    </ClCompile>
    <ClCompile Include="Source\Utility.cpp">
      <Filter>Application Items</Filter>
    </ClCompile>
    <ClCompile Include="Source\GameMechanics\Objects\Objects.cpp">
      <Filter>Game Mechanics\Objects</Filter>
    </ClCompile>
    <ClCompile Include="Source\GameMechanics\Difficulty\DifficultySystem.cpp">
      <Filter>Game Mechanics\Difficulty</Filter>
    </ClCompile>
    <ClCompile Include="Source\GameMechanics\Jellybean\JellybeanSystem.cpp">
      <Filter>Game Mechanics\Jellybean</Filter>
    </ClCompile>
    <ClCompile Include="Source\GameMechanics\SavingAndLoading\SavingAndLoadingSystem.cpp">
      <Filter>Game Mechanics\SavingAndLoading</Filter>
    </ClCompile>
    <ClCompile Include="Source\GameMechanics\SavingAndLoading\GameInfo.cpp">
      <Filter>Game Mechanics\SavingAndLoading</Filter>
    </ClCompile>
    <ClCompile Include="Source\GameStateManagement\Master\GameStateManager.cpp">
      <Filter>Game State Management\Master</Filter>
    </ClCompile>
    <ClCompile Include="Source\GameStateManagement\Menu Flow\InstructionState.cpp">
      <Filter>Game State Management\Menu Flow</Filter>
    </ClCompile>
    <ClCompile Include="Source\GameStateManagement\Menu Flow\LoseState.cpp">
      <Filter>Game State Management\Menu Flow</Filter>
    </ClCompile>
    <ClCompile Include="Source\GameStateManagement\Menu Flow\OptionsState.cpp">
      <Filter>Game State Management\Menu Flow</Filter>
    </ClCompile>
    <ClCompile Include="Source\GameStateManagement\Menu Flow\PauseState.cpp">
      <Filter>Game State Management\Menu Flow</Filter>
    </ClCompile>
    <ClCompile Include="Source\GameStateManagement\Menu Flow\PlayState.cpp">
      <Filter>Game State Management\Menu Flow</Filter>
    </ClCompile>
    <ClCompile Include="Source\GameStateManagement\Menu Flow\RankingsState.cpp">
      <Filter>Game State Management\Menu Flow</Filter>
    </ClCompile>
    <ClCompile Include="Source\GameStateManagement\Menu Flow\SplashState.cpp">
      <Filter>Game State Management\Menu Flow</Filter>
    </ClCompile>
    <ClCompile Include="Source\GameStateManagement\Menu Flow\WinState.cpp">
      <Filter>Game State Management\Menu Flow</Filter>
    </ClCompile>
    <ClCompile Include="Source\GameStateManagement\Game Flow\Tutorial Games\TutorialGame1.cpp">
      <Filter>Game State Management\Game Flow\Tutorial Games</Filter>
    </ClCompile>
    <ClCompile Include="Source\GameStateManagement\Game Flow\Lobby\HubState.cpp">
      <Filter>Game State Management\Game Flow\Game Lobby</Filter>
    </ClCompile>
    <ClCompile Include="Source\GameStateManagement\Game Flow\Lobby\LoadGameSelect.cpp">
      <Filter>Game State Management\Game Flow\Game Lobby</Filter>
    </ClCompile>
    <ClCompile Include="Source\GameStateManagement\Game Flow\Game 2 (Puzzle Quest)\Game2State.cpp">
      <Filter>Game State Management\Game Flow\Game 2%28Puzzle Quest%29</Filter>
    </ClCompile>
    <ClCompile Include="Source\Sound\Sound.cpp">
      <Filter>Sound</Filter>
    </ClCompile>
    <ClCompile Include="Source\Scenes\Game Flow\Game 2 (Puzzle Quest)\SceneGame2.cpp">
      <Filter>Scenes\Game Flow\Game 2%28Puzzle Quest%29</Filter>
    </ClCompile>
    <ClCompile Include="Source\Scenes\Game Flow\Tutorial Games\SceneTutorialGame1.cpp">
      <Filter>Scenes\Game Flow\Tutorial Games</Filter>
    </ClCompile>
    <ClCompile Include="Source\Scenes\Menu Flow\SceneInstruction.cpp">
      <Filter>Scenes\Menu Flow</Filter>
    </ClCompile>
    <ClCompile Include="Source\Scenes\Menu Flow\SceneLose.cpp">
      <Filter>Scenes\Menu Flow</Filter>
    </ClCompile>
    <ClCompile Include="Source\Scenes\Menu Flow\SceneOptions.cpp">
      <Filter>Scenes\Menu Flow</Filter>
    </ClCompile>
    <ClCompile Include="Source\Scenes\Menu Flow\ScenePause.cpp">
      <Filter>Scenes\Menu Flow</Filter>
    </ClCompile>
    <ClCompile Include="Source\Scenes\Menu Flow\ScenePlay.cpp">
      <Filter>Scenes\Menu Flow</Filter>
    </ClCompile>
    <ClCompile Include="Source\Scenes\Menu Flow\SceneRankings.cpp">
      <Filter>Scenes\Menu Flow</Filter>
    </ClCompile>
    <ClCompile Include="Source\Scenes\Menu Flow\SceneSplash.cpp">
      <Filter>Scenes\Menu Flow</Filter>
    </ClCompile>
    <ClCompile Include="Source\Scenes\Menu Flow\SceneWin.cpp">
      <Filter>Scenes\Menu Flow</Filter>
    </ClCompile>
    <ClCompile Include="Source\Scenes\Master\SceneManager.cpp">
      <Filter>Scenes\Master</Filter>
    </ClCompile>
    <ClCompile Include="Source\Scenes\Master\SceneManager2D.cpp">
      <Filter>Scenes\Master</Filter>
    </ClCompile>
    <ClCompile Include="Source\Scenes\Game Flow\Lobby\SceneHub.cpp">
      <Filter>Scenes\Game Flow\Game Lobby</Filter>
    </ClCompile>
    <ClCompile Include="Source\Scenes\Game Flow\Lobby\SceneLoadGame.cpp">
      <Filter>Scenes\Game Flow\Game Lobby</Filter>
    </ClCompile>
    <ClCompile Include="Source\GameMechanics\Objects\Door.cpp">
      <Filter>Game Mechanics\Objects</Filter>
    </ClCompile>
    <ClCompile Include="Source\AI\FSM.cpp">
      <Filter>AI</Filter>
    </ClCompile>
    <ClCompile Include="Source\GameMechanics\Objects\BoundingBox.cpp">
      <Filter>Game Mechanics\Objects\BoundingBox</Filter>
    </ClCompile>
    <ClCompile Include="Source\Bar.cpp">
      <Filter>UI</Filter>
    </ClCompile>
    <ClCompile Include="Source\Button.cpp">
      <Filter>UI</Filter>
    </ClCompile>
    <ClCompile Include="Source\UIAnimation.cpp">
      <Filter>UI</Filter>
    </ClCompile>
    <ClCompile Include="Source\UIAnimator.cpp">
      <Filter>UI</Filter>
    </ClCompile>
    <ClCompile Include="Source\UIFeature.cpp">
      <Filter>UI</Filter>
    </ClCompile>
    <ClCompile Include="Source\UISystem.cpp">
      <Filter>UI</Filter>
    </ClCompile>
    <ClCompile Include="Source\Scenes\Menu Flow\SceneMenu.cpp">
      <Filter>Scenes\Menu Flow</Filter>
    </ClCompile>
    <ClCompile Include="Source\GameStateManagement\Menu Flow\MenuState.cpp">
      <Filter>Game State Management\Menu Flow</Filter>
    </ClCompile>
    <ClCompile Include="Source\GameStateManagement\Game Flow\Game 1 (Maze Escaper)\Game1State.cpp">
      <Filter>Game State Management\Game Flow\Game 1%28Maze Escaper%29</Filter>
    </ClCompile>
    <ClCompile Include="Source\Scenes\Game Flow\Game 1 (Maze Escaper)\SceneGame1.cpp">
      <Filter>Scenes\Game Flow\Game 1%28Maze Escaper%29</Filter>
    </ClCompile>
    <ClCompile Include="Source\GameStateManagement\Game Flow\Game 4 (Stress)\Game4State.cpp">
      <Filter>Game State Management\Game Flow\Game 4%28Stress%29</Filter>
    </ClCompile>
    <ClCompile Include="Source\GameMechanics\Objects\Answer.cpp">
      <Filter>Game Mechanics\Objects</Filter>
    </ClCompile>
    <ClCompile Include="Source\GameMechanics\Objects\Question.cpp">
      <Filter>Game Mechanics\Objects</Filter>
    </ClCompile>
    <ClCompile Include="Source\Scenes\Game Flow\Game 4 (Stress)\SceneGame4.cpp">
      <Filter>Scenes\Game Flow\Game 4%28Stress%29</Filter>
    </ClCompile>
    <ClCompile Include="Source\PlayerInfo.cpp">
      <Filter>Application Items</Filter>
    </ClCompile>
    <ClCompile Include="Source\Scenes\Master\SceneGameBase.cpp">
      <Filter>Scenes\Master</Filter>
    </ClCompile>
    <ClCompile Include="Source\Scenes\Game Flow\Game 3 (MCQ Power)\SceneGame3.cpp">
      <Filter>Scenes\Game Flow\Game 3%28MCQ%29</Filter>
    </ClCompile>
    <ClCompile Include="Source\GameStateManagement\Game Flow\Game 3 (MCQ Power)\Game3State.cpp">
      <Filter>Game State Management\Game Flow\Game 3%28MCQ%29</Filter>
    </ClCompile>
    <ClCompile Include="Source\AI\AIBase.cpp">
      <Filter>AI</Filter>
    </ClCompile>
    <ClCompile Include="Source\GameMechanics\Objects\Deck.cpp">
      <Filter>Game Mechanics\Objects\Game4</Filter>
    </ClCompile>
    <ClCompile Include="Source\GameMechanics\Objects\Card.cpp">
      <Filter>Game Mechanics\Objects\Game4</Filter>
    </ClCompile>
    <ClCompile Include="Source\GameMechanics\Objects\Trigger.cpp">
      <Filter>Game Mechanics\Objects\Game4</Filter>
    </ClCompile>
    <ClCompile Include="Source\Image.cpp">
      <Filter>UI</Filter>
    </ClCompile>
  </ItemGroup>
  <ItemGroup>
    <ClInclude Include="Source\Application.h">
      <Filter>Application Items</Filter>
    </ClInclude>
    <ClInclude Include="Source\Camera.h">
      <Filter>Application Items</Filter>
    </ClInclude>
    <ClInclude Include="Source\Camera3.h">
      <Filter>Application Items</Filter>
    </ClInclude>
    <ClInclude Include="Source\AI\Waypoints.h">
      <Filter>AI</Filter>
    </ClInclude>
    <ClInclude Include="Source\AI\ProbabilitySystem.h">
      <Filter>AI</Filter>
    </ClInclude>
    <ClInclude Include="Source\Highscore.h">
      <Filter>Highscore</Filter>
    </ClInclude>
    <ClInclude Include="Source\Record.h">
      <Filter>Highscore</Filter>
    </ClInclude>
    <ClInclude Include="Source\SpatialPartition\SpatialPartition.h">
      <Filter>Spatial Partition</Filter>
    </ClInclude>
    <ClInclude Include="Source\SpatialPartition\Grid.h">
      <Filter>Spatial Partition</Filter>
    </ClInclude>
    <ClInclude Include="Source\Enemy.h">
      <Filter>2D</Filter>
    </ClInclude>
    <ClInclude Include="Source\Goodies.h">
      <Filter>2D</Filter>
    </ClInclude>
    <ClInclude Include="Source\GoodiesFactory.h">
      <Filter>2D</Filter>
    </ClInclude>
    <ClInclude Include="Source\Strategy.h">
      <Filter>2D</Filter>
    </ClInclude>
    <ClInclude Include="Source\Strategy_Kill.h">
      <Filter>2D</Filter>
    </ClInclude>
    <ClInclude Include="Source\TreasureChest.h">
      <Filter>2D</Filter>
    </ClInclude>
    <ClInclude Include="Source\UsingLua.h">
      <Filter>Lua</Filter>
    </ClInclude>
    <ClInclude Include="Source\SceneGraph\Model.h">
      <Filter>Scene Graph</Filter>
    </ClInclude>
    <ClInclude Include="Source\SceneGraph\Node.h">
      <Filter>Scene Graph</Filter>
    </ClInclude>
    <ClInclude Include="Source\SceneGraph\SceneNode.h">
      <Filter>Scene Graph</Filter>
    </ClInclude>
    <ClInclude Include="Source\SceneGraph\Transform.h">
      <Filter>Scene Graph</Filter>
    </ClInclude>
    <ClInclude Include="Source\Occlusion\Occlusion.h">
      <Filter>Occlusion</Filter>
    </ClInclude>
    <ClInclude Include="Source\Geometry.h">
      <Filter>Application Items</Filter>
    </ClInclude>
    <ClInclude Include="Source\Light.h">
      <Filter>Application Items</Filter>
    </ClInclude>
    <ClInclude Include="Source\LoadOBJ.h">
      <Filter>Application Items</Filter>
    </ClInclude>
    <ClInclude Include="Source\LoadTGA.h">
      <Filter>Application Items</Filter>
    </ClInclude>
    <ClInclude Include="Source\Map.h">
      <Filter>Application Items</Filter>
    </ClInclude>
    <ClInclude Include="Source\Material.h">
      <Filter>Application Items</Filter>
    </ClInclude>
    <ClInclude Include="Source\Mesh.h">
      <Filter>Application Items</Filter>
    </ClInclude>
    <ClInclude Include="Source\MeshBuilder.h">
      <Filter>Application Items</Filter>
    </ClInclude>
    <ClInclude Include="Source\Minimap.h">
      <Filter>Application Items</Filter>
    </ClInclude>
    <ClInclude Include="Source\PlayInfo3PV.h">
      <Filter>Application Items</Filter>
    </ClInclude>
    <ClInclude Include="Source\Projectile\Projectile.h">
      <Filter>Application Items</Filter>
    </ClInclude>
    <ClInclude Include="Source\Projectile\ProjectileManager.h">
      <Filter>Application Items</Filter>
    </ClInclude>
    <ClInclude Include="Source\shader.hpp">
      <Filter>Application Items</Filter>
    </ClInclude>
    <ClInclude Include="Source\SpriteAnimation.h">
      <Filter>Application Items</Filter>
    </ClInclude>
    <ClInclude Include="Source\Utility.h">
      <Filter>Application Items</Filter>
    </ClInclude>
    <ClInclude Include="Source\Vertex.h">
      <Filter>Application Items</Filter>
    </ClInclude>
    <ClInclude Include="Source\GameMechanics\Objects\Objects.h">
      <Filter>Game Mechanics\Objects</Filter>
    </ClInclude>
    <ClInclude Include="Source\GameMechanics\Difficulty\DifficultySystem.h">
      <Filter>Game Mechanics\Difficulty</Filter>
    </ClInclude>
    <ClInclude Include="Source\GameMechanics\Jellybean\JellybeanSystem.h">
      <Filter>Game Mechanics\Jellybean</Filter>
    </ClInclude>
    <ClInclude Include="Source\GameMechanics\SavingAndLoading\SavingAndLoadingSystem.h">
      <Filter>Game Mechanics\SavingAndLoading</Filter>
    </ClInclude>
    <ClInclude Include="Source\GameMechanics\SavingAndLoading\GameInfo.h">
      <Filter>Game Mechanics\SavingAndLoading</Filter>
    </ClInclude>
    <ClInclude Include="Source\GameStateManagement\Master\GameState.h">
      <Filter>Game State Management\Master</Filter>
    </ClInclude>
    <ClInclude Include="Source\GameStateManagement\Master\GameStateManager.h">
      <Filter>Game State Management\Master</Filter>
    </ClInclude>
    <ClInclude Include="Source\GameStateManagement\Menu Flow\InstructionState.h">
      <Filter>Game State Management\Menu Flow</Filter>
    </ClInclude>
    <ClInclude Include="Source\GameStateManagement\Menu Flow\LoseState.h">
      <Filter>Game State Management\Menu Flow</Filter>
    </ClInclude>
    <ClInclude Include="Source\GameStateManagement\Menu Flow\OptionsState.h">
      <Filter>Game State Management\Menu Flow</Filter>
    </ClInclude>
    <ClInclude Include="Source\GameStateManagement\Menu Flow\PauseState.h">
      <Filter>Game State Management\Menu Flow</Filter>
    </ClInclude>
    <ClInclude Include="Source\GameStateManagement\Menu Flow\PlayState.h">
      <Filter>Game State Management\Menu Flow</Filter>
    </ClInclude>
    <ClInclude Include="Source\GameStateManagement\Menu Flow\RankingsState.h">
      <Filter>Game State Management\Menu Flow</Filter>
    </ClInclude>
    <ClInclude Include="Source\GameStateManagement\Menu Flow\SplashState.h">
      <Filter>Game State Management\Menu Flow</Filter>
    </ClInclude>
    <ClInclude Include="Source\GameStateManagement\Menu Flow\WinState.h">
      <Filter>Game State Management\Menu Flow</Filter>
    </ClInclude>
    <ClInclude Include="Source\GameStateManagement\Game Flow\Tutorial Games\TutorialGame1.h">
      <Filter>Game State Management\Game Flow\Tutorial Games</Filter>
    </ClInclude>
    <ClInclude Include="Source\GameStateManagement\Game Flow\Lobby\HubState.h">
      <Filter>Game State Management\Game Flow\Game Lobby</Filter>
    </ClInclude>
    <ClInclude Include="Source\GameStateManagement\Game Flow\Lobby\LoadGameSelect.h">
      <Filter>Game State Management\Game Flow\Game Lobby</Filter>
    </ClInclude>
    <ClInclude Include="Source\GameStateManagement\Game Flow\Game 2 (Puzzle Quest)\Game2State.h">
      <Filter>Game State Management\Game Flow\Game 2%28Puzzle Quest%29</Filter>
    </ClInclude>
    <ClInclude Include="Source\Sound\Sound.h">
      <Filter>Sound</Filter>
    </ClInclude>
    <ClInclude Include="Source\Scenes\Game Flow\Game 2 (Puzzle Quest)\SceneGame2.h">
      <Filter>Scenes\Game Flow\Game 2%28Puzzle Quest%29</Filter>
    </ClInclude>
    <ClInclude Include="Source\Scenes\Game Flow\Tutorial Games\SceneTutorialGame1.h">
      <Filter>Scenes\Game Flow\Tutorial Games</Filter>
    </ClInclude>
    <ClInclude Include="Source\Scenes\Menu Flow\SceneInstruction.h">
      <Filter>Scenes\Menu Flow</Filter>
    </ClInclude>
    <ClInclude Include="Source\Scenes\Menu Flow\SceneLose.h">
      <Filter>Scenes\Menu Flow</Filter>
    </ClInclude>
    <ClInclude Include="Source\Scenes\Menu Flow\SceneOptions.h">
      <Filter>Scenes\Menu Flow</Filter>
    </ClInclude>
    <ClInclude Include="Source\Scenes\Menu Flow\ScenePause.h">
      <Filter>Scenes\Menu Flow</Filter>
    </ClInclude>
    <ClInclude Include="Source\Scenes\Menu Flow\ScenePlay.h">
      <Filter>Scenes\Menu Flow</Filter>
    </ClInclude>
    <ClInclude Include="Source\Scenes\Menu Flow\SceneRankings.h">
      <Filter>Scenes\Menu Flow</Filter>
    </ClInclude>
    <ClInclude Include="Source\Scenes\Menu Flow\SceneSplash.h">
      <Filter>Scenes\Menu Flow</Filter>
    </ClInclude>
    <ClInclude Include="Source\Scenes\Menu Flow\SceneWin.h">
      <Filter>Scenes\Menu Flow</Filter>
    </ClInclude>
    <ClInclude Include="Source\Scenes\Master\SceneManager.h">
      <Filter>Scenes\Master</Filter>
    </ClInclude>
    <ClInclude Include="Source\Scenes\Master\SceneManager2D.h">
      <Filter>Scenes\Master</Filter>
    </ClInclude>
    <ClInclude Include="Source\Scenes\Game Flow\Lobby\SceneHub.h">
      <Filter>Scenes\Game Flow\Game Lobby</Filter>
    </ClInclude>
    <ClInclude Include="Source\Scenes\Game Flow\Lobby\SceneLoadGame.h">
      <Filter>Scenes\Game Flow\Game Lobby</Filter>
    </ClInclude>
    <ClInclude Include="Source\GameMechanics\Objects\Door.h">
      <Filter>Game Mechanics\Objects</Filter>
    </ClInclude>
    <ClInclude Include="Source\AI\FSM.h">
      <Filter>AI</Filter>
    </ClInclude>
    <ClInclude Include="Source\GameMechanics\Objects\BoundingBox.h">
      <Filter>Game Mechanics\Objects\BoundingBox</Filter>
    </ClInclude>
    <ClInclude Include="Source\Bar.h">
      <Filter>UI</Filter>
    </ClInclude>
    <ClInclude Include="Source\Button.h">
      <Filter>UI</Filter>
    </ClInclude>
    <ClInclude Include="Source\UIAnimation.h">
      <Filter>UI</Filter>
    </ClInclude>
    <ClInclude Include="Source\UIAnimator.h">
      <Filter>UI</Filter>
    </ClInclude>
    <ClInclude Include="Source\UIFeature.h">
      <Filter>UI</Filter>
    </ClInclude>
    <ClInclude Include="Source\UISystem.h">
      <Filter>UI</Filter>
    </ClInclude>
    <ClInclude Include="Source\Scenes\Menu Flow\SceneMenu.h">
      <Filter>Scenes\Menu Flow</Filter>
    </ClInclude>
    <ClInclude Include="Source\GameStateManagement\Menu Flow\MenuState.h">
      <Filter>Game State Management\Menu Flow</Filter>
    </ClInclude>
    <ClInclude Include="Source\GameStateManagement\Game Flow\Game 1 (Maze Escaper)\Game1State.h">
      <Filter>Game State Management\Game Flow\Game 1%28Maze Escaper%29</Filter>
    </ClInclude>
    <ClInclude Include="Source\Scenes\Game Flow\Game 1 (Maze Escaper)\SceneGame1.h">
      <Filter>Scenes\Game Flow\Game 1%28Maze Escaper%29</Filter>
    </ClInclude>
    <ClInclude Include="Source\GameStateManagement\Game Flow\Game 4 (Stress)\Game4State.h">
      <Filter>Game State Management\Game Flow\Game 4%28Stress%29</Filter>
    </ClInclude>
    <ClInclude Include="Source\GameMechanics\Objects\Question.h">
      <Filter>Game Mechanics\Objects</Filter>
    </ClInclude>
    <ClInclude Include="Source\GameMechanics\Objects\Answer.h">
      <Filter>Game Mechanics\Objects</Filter>
    </ClInclude>
    <ClInclude Include="Source\Scenes\Game Flow\Game 4 (Stress)\SceneGame4.h">
      <Filter>Scenes\Game Flow\Game 4%28Stress%29</Filter>
    </ClInclude>
    <ClInclude Include="Source\PlayerInfo.h">
      <Filter>Application Items</Filter>
    </ClInclude>
    <ClInclude Include="Source\Scenes\Master\SceneGameBase.h">
      <Filter>Scenes\Master</Filter>
    </ClInclude>
    <ClInclude Include="Source\Scenes\Game Flow\Game 3 (MCQ Power)\SceneGame3.h">
      <Filter>Scenes\Game Flow\Game 3%28MCQ%29</Filter>
    </ClInclude>
    <ClInclude Include="Source\GameStateManagement\Game Flow\Game 3 (MCQ Power)\Game3State.h">
      <Filter>Game State Management\Game Flow\Game 3%28MCQ%29</Filter>
    </ClInclude>
    <ClInclude Include="Source\AI\AIBase.h">
      <Filter>AI</Filter>
    </ClInclude>
    <ClInclude Include="Source\GameMechanics\Objects\Deck.h">
      <Filter>Game Mechanics\Objects\Game4</Filter>
    </ClInclude>
    <ClInclude Include="Source\GameMechanics\Objects\Card.h">
      <Filter>Game Mechanics\Objects\Game4</Filter>
    </ClInclude>
    <ClInclude Include="Source\GameMechanics\Objects\Trigger.h">
      <Filter>Game Mechanics\Objects\Game4</Filter>
    </ClInclude>
    <ClInclude Include="Source\Image.h">
      <Filter>UI</Filter>
    </ClInclude>
  </ItemGroup>
  <ItemGroup>
    <Filter Include="Application Items">
      <UniqueIdentifier>{edf71a76-1da1-4eec-b4c9-fed823df6ef6}</UniqueIdentifier>
    </Filter>
    <Filter Include="AI">
      <UniqueIdentifier>{3787f14a-367a-49b5-9043-c4c67f020afd}</UniqueIdentifier>
    </Filter>
    <Filter Include="Game Mechanics">
      <UniqueIdentifier>{51bb4b06-2f4c-4803-9b8e-30973a363bea}</UniqueIdentifier>
    </Filter>
    <Filter Include="Game State Management">
      <UniqueIdentifier>{c1016112-d2b3-47bc-bf44-2271acc81ad4}</UniqueIdentifier>
    </Filter>
    <Filter Include="Highscore">
      <UniqueIdentifier>{0b40998c-2205-4935-b5f0-56c9e8a30acf}</UniqueIdentifier>
    </Filter>
    <Filter Include="Sound">
      <UniqueIdentifier>{70f43dee-a1a2-448b-aa06-942a9cd39346}</UniqueIdentifier>
    </Filter>
    <Filter Include="Spatial Partition">
      <UniqueIdentifier>{f4973d1b-09de-4e65-88c6-13a5a16acad0}</UniqueIdentifier>
    </Filter>
    <Filter Include="Scenes">
      <UniqueIdentifier>{7776297e-695d-4f2a-b2c4-446199084398}</UniqueIdentifier>
    </Filter>
    <Filter Include="2D">
      <UniqueIdentifier>{2fb080c5-7456-42b7-bc56-ddc59020add2}</UniqueIdentifier>
    </Filter>
    <Filter Include="Lua">
      <UniqueIdentifier>{85f3563f-74ac-4d08-b2a5-15e894e0ad8f}</UniqueIdentifier>
    </Filter>
    <Filter Include="Scene Graph">
      <UniqueIdentifier>{96c8b81c-7bda-485e-b9a8-722402348cdd}</UniqueIdentifier>
    </Filter>
    <Filter Include="Occlusion">
      <UniqueIdentifier>{5bb70cb9-1e81-495b-b580-6ee8ca893d7a}</UniqueIdentifier>
    </Filter>
    <Filter Include="Game State Management\Master">
      <UniqueIdentifier>{cca921ed-fb84-4fb2-ac24-dce043284a50}</UniqueIdentifier>
    </Filter>
    <Filter Include="Game State Management\Game Flow">
      <UniqueIdentifier>{15e45a54-4f30-4365-8cd9-ecfb6c929971}</UniqueIdentifier>
    </Filter>
    <Filter Include="Game State Management\Menu Flow">
      <UniqueIdentifier>{1757cd9f-a679-4f74-a6b1-6d6bb9300f80}</UniqueIdentifier>
    </Filter>
    <Filter Include="Scenes\Master">
      <UniqueIdentifier>{b4a970cc-3ad8-4f39-8e7a-a870d35715bd}</UniqueIdentifier>
    </Filter>
    <Filter Include="Scenes\Game Flow">
      <UniqueIdentifier>{2861c955-b152-4cf5-8f60-0be8f87ae1f3}</UniqueIdentifier>
    </Filter>
    <Filter Include="Scenes\Menu Flow">
      <UniqueIdentifier>{1ee952c7-ba4d-46f9-8e1b-ffcf8e832c12}</UniqueIdentifier>
    </Filter>
    <Filter Include="Game Mechanics\Objects">
      <UniqueIdentifier>{e1007b29-77c1-4f24-b700-5f78b856a0f2}</UniqueIdentifier>
    </Filter>
    <Filter Include="Game Mechanics\Difficulty">
      <UniqueIdentifier>{719be609-c8e0-4821-8ddd-23cb17d4680c}</UniqueIdentifier>
    </Filter>
    <Filter Include="Game Mechanics\Jellybean">
      <UniqueIdentifier>{ecb2ddb2-0973-4d30-9bc5-b6ca8b04ca66}</UniqueIdentifier>
    </Filter>
    <Filter Include="Game Mechanics\SavingAndLoading">
      <UniqueIdentifier>{8a285260-2e17-4ebe-b477-09c8aeabfca3}</UniqueIdentifier>
    </Filter>
    <Filter Include="Game State Management\Game Flow\Tutorial Games">
      <UniqueIdentifier>{59967a78-df72-45c6-ab9d-f80e73a7dbfc}</UniqueIdentifier>
    </Filter>
    <Filter Include="Game State Management\Game Flow\Game 3%28MCQ%29">
      <UniqueIdentifier>{169854e1-00ca-4ddf-94f0-42486d30ea6f}</UniqueIdentifier>
    </Filter>
    <Filter Include="Game State Management\Game Flow\Game 4%28Stress%29">
      <UniqueIdentifier>{2c142168-9706-47f7-b4a1-7bc1950eafdf}</UniqueIdentifier>
    </Filter>
    <Filter Include="Game State Management\Game Flow\Game 1%28Maze Escaper%29">
      <UniqueIdentifier>{99251445-a124-4934-8a60-5a4f6698d407}</UniqueIdentifier>
    </Filter>
    <Filter Include="Game State Management\Game Flow\Game 2%28Puzzle Quest%29">
      <UniqueIdentifier>{d3abe20b-a912-49fe-b813-64277a141ba3}</UniqueIdentifier>
    </Filter>
    <Filter Include="Game State Management\Game Flow\Game Lobby">
      <UniqueIdentifier>{54498db8-17f8-4341-9e38-a5ef18501621}</UniqueIdentifier>
    </Filter>
    <Filter Include="Scenes\Game Flow\Game 1%28Maze Escaper%29">
      <UniqueIdentifier>{ed65270f-ffbc-4a56-9cfd-44f0cadc2d83}</UniqueIdentifier>
    </Filter>
    <Filter Include="Scenes\Game Flow\Game 2%28Puzzle Quest%29">
      <UniqueIdentifier>{be4e6aba-77fd-42d4-9e2a-0788e2af46d9}</UniqueIdentifier>
    </Filter>
    <Filter Include="Scenes\Game Flow\Game 3%28MCQ%29">
      <UniqueIdentifier>{42445c02-947f-479f-ab76-49204879f701}</UniqueIdentifier>
    </Filter>
    <Filter Include="Scenes\Game Flow\Game 4%28Stress%29">
      <UniqueIdentifier>{64c48bb3-065a-47c1-a916-085b522afc9f}</UniqueIdentifier>
    </Filter>
    <Filter Include="Scenes\Game Flow\Game Lobby">
      <UniqueIdentifier>{159fba70-4ac9-40d6-b765-532441cee939}</UniqueIdentifier>
    </Filter>
    <Filter Include="Scenes\Game Flow\Tutorial Games">
      <UniqueIdentifier>{f9a76df5-7081-44df-805e-f6de3491447b}</UniqueIdentifier>
    </Filter>
    <Filter Include="UI">
      <UniqueIdentifier>{180c5301-eeff-46d7-9f90-87cbc6a47724}</UniqueIdentifier>
    </Filter>
    <Filter Include="Game Mechanics\Objects\BoundingBox">
      <UniqueIdentifier>{7ddcd022-7430-4f23-91b5-e6f77e187400}</UniqueIdentifier>
    </Filter>
    <Filter Include="Game Mechanics\Objects\Game4">
      <UniqueIdentifier>{228eb41f-116f-4241-b232-a8b54a086c4a}</UniqueIdentifier>
    </Filter>
  </ItemGroup>
</Project>