<?xml version="1.0" encoding="utf-8"?>
<Project ToolsVersion="4.0" xmlns="http://schemas.microsoft.com/developer/msbuild/2003">
  <ItemGroup>
    <ClCompile Include="Source\Application.cpp">
      <Filter>Application Items</Filter>
    </ClCompile>
    <ClCompile Include="Source\Camera.cpp">
      <Filter>Application Items</Filter>
    </ClCompile>
    <ClCompile Include="Source\Camera3.cpp">
      <Filter>Application Items</Filter>
    </ClCompile>
    <ClCompile Include="Source\AI\Waypoints.cpp">
      <Filter>AI</Filter>
    </ClCompile>
    <ClCompile Include="Source\AI\ProbabilitySystem.cpp">
      <Filter>AI</Filter>
    </ClCompile>
    <ClCompile Include="Source\Objects\BondingBox.cpp">
      <Filter>Game Mechanics</Filter>
    </ClCompile>
    <ClCompile Include="Source\Difficulty\DifficultySystem.cpp">
      <Filter>Game Mechanics</Filter>
    </ClCompile>
    <ClCompile Include="Source\Jellybean\JellybeanSystem.cpp">
      <Filter>Game Mechanics</Filter>
    </ClCompile>
    <ClCompile Include="Source\Objects\Objects.cpp">
      <Filter>Game Mechanics</Filter>
    </ClCompile>
    <ClCompile Include="Source\Highscore.cpp">
      <Filter>Highscore</Filter>
    </ClCompile>
    <ClCompile Include="Source\Record.cpp">
      <Filter>Highscore</Filter>
    </ClCompile>
    <ClCompile Include="Source\Sound.cpp">
      <Filter>Sound</Filter>
    </ClCompile>
    <ClCompile Include="Source\SpatialPartition\SpatialPartition.cpp">
      <Filter>Spatial Partition</Filter>
    </ClCompile>
    <ClCompile Include="Source\SpatialPartition\Grid.cpp">
      <Filter>Spatial Partition</Filter>
    </ClCompile>
    <ClCompile Include="Source\Enemy.cpp">
      <Filter>2D</Filter>
    </ClCompile>
    <ClCompile Include="Source\Goodies.cpp">
      <Filter>2D</Filter>
    </ClCompile>
    <ClCompile Include="Source\GoodiesFactory.cpp">
      <Filter>2D</Filter>
    </ClCompile>
    <ClCompile Include="Source\Strategy.cpp">
      <Filter>2D</Filter>
    </ClCompile>
    <ClCompile Include="Source\Strategy_Kill.cpp">
      <Filter>2D</Filter>
    </ClCompile>
    <ClCompile Include="Source\TreasureChest.cpp">
      <Filter>2D</Filter>
    </ClCompile>
    <ClCompile Include="Source\UsingLua.cpp">
      <Filter>Lua</Filter>
    </ClCompile>
    <ClCompile Include="Source\SceneGraph\Model.cpp">
      <Filter>Scene Graph</Filter>
    </ClCompile>
    <ClCompile Include="Source\SceneGraph\Node.cpp">
      <Filter>Scene Graph</Filter>
    </ClCompile>
    <ClCompile Include="Source\SceneGraph\SceneNode.cpp">
      <Filter>Scene Graph</Filter>
    </ClCompile>
    <ClCompile Include="Source\SceneGraph\Transform.cpp">
      <Filter>Scene Graph</Filter>
    </ClCompile>
    <ClCompile Include="Source\Occlusion\Occlusion.cpp">
      <Filter>Occlusion</Filter>
    </ClCompile>
    <ClCompile Include="Source\LoadOBJ.cpp">
      <Filter>Application Items</Filter>
    </ClCompile>
    <ClCompile Include="Source\LoadTGA.cpp">
      <Filter>Application Items</Filter>
    </ClCompile>
    <ClCompile Include="Source\main.cpp">
      <Filter>Application Items</Filter>
    </ClCompile>
    <ClCompile Include="Source\Map.cpp">
      <Filter>Application Items</Filter>
    </ClCompile>
    <ClCompile Include="Source\Mesh.cpp">
      <Filter>Application Items</Filter>
    </ClCompile>
    <ClCompile Include="Source\MeshBuilder.cpp">
      <Filter>Application Items</Filter>
    </ClCompile>
    <ClCompile Include="Source\Minimap.cpp">
      <Filter>Application Items</Filter>
    </ClCompile>
    <ClCompile Include="Source\PlayerInfo.cpp">
      <Filter>Application Items</Filter>
    </ClCompile>
    <ClCompile Include="Source\PlayInfo3PV.cpp">
      <Filter>Application Items</Filter>
    </ClCompile>
    <ClCompile Include="Source\Projectile\Projectile.cpp">
      <Filter>Application Items</Filter>
    </ClCompile>
    <ClCompile Include="Source\Projectile\ProjectileManager.cpp">
      <Filter>Application Items</Filter>
    </ClCompile>
    <ClCompile Include="Source\shader.cpp">
      <Filter>Application Items</Filter>
    </ClCompile>
    <ClCompile Include="Source\SpriteAnimation.cpp">
      <Filter>Application Items</Filter>
    </ClCompile>
    <ClCompile Include="Source\Utility.cpp">
      <Filter>Application Items</Filter>
    </ClCompile>
    <ClCompile Include="Source\GameStateManagement\GameStateManager.cpp">
      <Filter>Game State Management\Master</Filter>
    </ClCompile>
    <ClCompile Include="Source\GameStateManagement\HubState.cpp">
      <Filter>Game State Management\Game Flow</Filter>
    </ClCompile>
    <ClCompile Include="Source\GameStateManagement\InstructionState.cpp">
      <Filter>Game State Management\Menu Flow</Filter>
    </ClCompile>
    <ClCompile Include="Source\GameStateManagement\LoseState.cpp">
      <Filter>Game State Management\Menu Flow</Filter>
    </ClCompile>
    <ClCompile Include="Source\GameStateManagement\MenuState.cpp">
      <Filter>Game State Management\Menu Flow</Filter>
    </ClCompile>
    <ClCompile Include="Source\GameStateManagement\OptionsState.cpp">
      <Filter>Game State Management\Menu Flow</Filter>
    </ClCompile>
    <ClCompile Include="Source\GameStateManagement\PauseState.cpp">
      <Filter>Game State Management\Menu Flow</Filter>
    </ClCompile>
    <ClCompile Include="Source\GameStateManagement\PlayState.cpp">
      <Filter>Game State Management\Menu Flow</Filter>
    </ClCompile>
    <ClCompile Include="Source\GameStateManagement\RankingsState.cpp">
      <Filter>Game State Management\Menu Flow</Filter>
    </ClCompile>
    <ClCompile Include="Source\GameStateManagement\SplashState.cpp">
      <Filter>Game State Management\Menu Flow</Filter>
    </ClCompile>
    <ClCompile Include="Source\GameStateManagement\WinState.cpp">
      <Filter>Game State Management\Menu Flow</Filter>
    </ClCompile>
    <ClCompile Include="Source\Scenes\SceneManager2D.cpp">
      <Filter>Scenes\Master</Filter>
    </ClCompile>
    <ClCompile Include="Source\Scenes\SceneManager.cpp">
      <Filter>Scenes\Master</Filter>
    </ClCompile>
    <ClCompile Include="Source\Scenes\SceneHub.cpp">
      <Filter>Scenes\Game Flow</Filter>
    </ClCompile>
    <ClCompile Include="Source\Scenes\SceneInstruction.cpp">
      <Filter>Scenes\Menu Flow</Filter>
    </ClCompile>
    <ClCompile Include="Source\Scenes\SceneLoadGame.cpp">
      <Filter>Scenes\Menu Flow</Filter>
    </ClCompile>
    <ClCompile Include="Source\Scenes\SceneLose.cpp">
      <Filter>Scenes\Menu Flow</Filter>
    </ClCompile>
    <ClCompile Include="Source\Scenes\SceneMenu.cpp">
      <Filter>Scenes\Menu Flow</Filter>
    </ClCompile>
    <ClCompile Include="Source\Scenes\SceneOptions.cpp">
      <Filter>Scenes\Menu Flow</Filter>
    </ClCompile>
    <ClCompile Include="Source\Scenes\ScenePause.cpp">
      <Filter>Scenes\Menu Flow</Filter>
    </ClCompile>
    <ClCompile Include="Source\Scenes\ScenePlay.cpp">
      <Filter>Scenes\Menu Flow</Filter>
    </ClCompile>
    <ClCompile Include="Source\Scenes\ScenePlay2D.cpp">
      <Filter>Scenes\Menu Flow</Filter>
    </ClCompile>
    <ClCompile Include="Source\Scenes\SceneRankings.cpp">
      <Filter>Scenes\Menu Flow</Filter>
    </ClCompile>
    <ClCompile Include="Source\Scenes\SceneSplash.cpp">
      <Filter>Scenes\Menu Flow</Filter>
    </ClCompile>
    <ClCompile Include="Source\Scenes\SceneWin.cpp">
      <Filter>Scenes\Menu Flow</Filter>
    </ClCompile>
    <ClCompile Include="Source\GameStateManagement\LoadGameSelect.cpp">
      <Filter>Game State Management\Menu Flow</Filter>
    </ClCompile>
  </ItemGroup>
  <ItemGroup>
    <ClInclude Include="Source\Application.h">
      <Filter>Application Items</Filter>
    </ClInclude>
    <ClInclude Include="Source\Camera.h">
      <Filter>Application Items</Filter>
    </ClInclude>
    <ClInclude Include="Source\Camera3.h">
      <Filter>Application Items</Filter>
    </ClInclude>
    <ClInclude Include="Source\AI\Waypoints.h">
      <Filter>AI</Filter>
    </ClInclude>
    <ClInclude Include="Source\AI\ProbabilitySystem.h">
      <Filter>AI</Filter>
    </ClInclude>
    <ClInclude Include="Source\Objects\BondingBox.h">
      <Filter>Game Mechanics</Filter>
    </ClInclude>
    <ClInclude Include="Source\Difficulty\DifficultySystem.h">
      <Filter>Game Mechanics</Filter>
    </ClInclude>
    <ClInclude Include="Source\Jellybean\JellybeanSystem.h">
      <Filter>Game Mechanics</Filter>
    </ClInclude>
    <ClInclude Include="Source\Objects\Objects.h">
      <Filter>Game Mechanics</Filter>
    </ClInclude>
    <ClInclude Include="Source\Highscore.h">
      <Filter>Highscore</Filter>
    </ClInclude>
    <ClInclude Include="Source\Record.h">
      <Filter>Highscore</Filter>
    </ClInclude>
    <ClInclude Include="Source\Sound.h">
      <Filter>Sound</Filter>
    </ClInclude>
    <ClInclude Include="Source\SpatialPartition\SpatialPartition.h">
      <Filter>Spatial Partition</Filter>
    </ClInclude>
    <ClInclude Include="Source\SpatialPartition\Grid.h">
      <Filter>Spatial Partition</Filter>
    </ClInclude>
    <ClInclude Include="Source\Enemy.h">
      <Filter>2D</Filter>
    </ClInclude>
    <ClInclude Include="Source\Goodies.h">
      <Filter>2D</Filter>
    </ClInclude>
    <ClInclude Include="Source\GoodiesFactory.h">
      <Filter>2D</Filter>
    </ClInclude>
    <ClInclude Include="Source\Strategy.h">
      <Filter>2D</Filter>
    </ClInclude>
    <ClInclude Include="Source\Strategy_Kill.h">
      <Filter>2D</Filter>
    </ClInclude>
    <ClInclude Include="Source\TreasureChest.h">
      <Filter>2D</Filter>
    </ClInclude>
    <ClInclude Include="Source\UsingLua.h">
      <Filter>Lua</Filter>
    </ClInclude>
    <ClInclude Include="Source\SceneGraph\Model.h">
      <Filter>Scene Graph</Filter>
    </ClInclude>
    <ClInclude Include="Source\SceneGraph\Node.h">
      <Filter>Scene Graph</Filter>
    </ClInclude>
    <ClInclude Include="Source\SceneGraph\SceneNode.h">
      <Filter>Scene Graph</Filter>
    </ClInclude>
    <ClInclude Include="Source\SceneGraph\Transform.h">
      <Filter>Scene Graph</Filter>
    </ClInclude>
    <ClInclude Include="Source\Occlusion\Occlusion.h">
      <Filter>Occlusion</Filter>
    </ClInclude>
    <ClInclude Include="Source\Geometry.h">
      <Filter>Application Items</Filter>
    </ClInclude>
    <ClInclude Include="Source\Light.h">
      <Filter>Application Items</Filter>
    </ClInclude>
    <ClInclude Include="Source\LoadOBJ.h">
      <Filter>Application Items</Filter>
    </ClInclude>
    <ClInclude Include="Source\LoadTGA.h">
      <Filter>Application Items</Filter>
    </ClInclude>
    <ClInclude Include="Source\Map.h">
      <Filter>Application Items</Filter>
    </ClInclude>
    <ClInclude Include="Source\Material.h">
      <Filter>Application Items</Filter>
    </ClInclude>
    <ClInclude Include="Source\Mesh.h">
      <Filter>Application Items</Filter>
    </ClInclude>
    <ClInclude Include="Source\MeshBuilder.h">
      <Filter>Application Items</Filter>
    </ClInclude>
    <ClInclude Include="Source\Minimap.h">
      <Filter>Application Items</Filter>
    </ClInclude>
    <ClInclude Include="Source\PlayerInfo.h">
      <Filter>Application Items</Filter>
    </ClInclude>
    <ClInclude Include="Source\PlayInfo3PV.h">
      <Filter>Application Items</Filter>
    </ClInclude>
    <ClInclude Include="Source\Projectile\Projectile.h">
      <Filter>Application Items</Filter>
    </ClInclude>
    <ClInclude Include="Source\Projectile\ProjectileManager.h">
      <Filter>Application Items</Filter>
    </ClInclude>
    <ClInclude Include="Source\Scenes\Scene.h">
      <Filter>Application Items</Filter>
    </ClInclude>
    <ClInclude Include="Source\shader.hpp">
      <Filter>Application Items</Filter>
    </ClInclude>
    <ClInclude Include="Source\SpriteAnimation.h">
      <Filter>Application Items</Filter>
    </ClInclude>
    <ClInclude Include="Source\Utility.h">
      <Filter>Application Items</Filter>
    </ClInclude>
    <ClInclude Include="Source\Vertex.h">
      <Filter>Application Items</Filter>
    </ClInclude>
    <ClInclude Include="Source\GameStateManagement\GameState.h">
      <Filter>Game State Management\Master</Filter>
    </ClInclude>
    <ClInclude Include="Source\GameStateManagement\GameStateManager.h">
      <Filter>Game State Management\Master</Filter>
    </ClInclude>
    <ClInclude Include="Source\GameStateManagement\HubState.h">
      <Filter>Game State Management\Game Flow</Filter>
    </ClInclude>
    <ClInclude Include="Source\GameStateManagement\InstructionState.h">
      <Filter>Game State Management\Menu Flow</Filter>
    </ClInclude>
    <ClInclude Include="Source\GameStateManagement\LoseState.h">
      <Filter>Game State Management\Menu Flow</Filter>
    </ClInclude>
    <ClInclude Include="Source\GameStateManagement\MenuState.h">
      <Filter>Game State Management\Menu Flow</Filter>
    </ClInclude>
    <ClInclude Include="Source\GameStateManagement\OptionsState.h">
      <Filter>Game State Management\Menu Flow</Filter>
    </ClInclude>
    <ClInclude Include="Source\GameStateManagement\PauseState.h">
      <Filter>Game State Management\Menu Flow</Filter>
    </ClInclude>
    <ClInclude Include="Source\GameStateManagement\PlayState.h">
      <Filter>Game State Management\Menu Flow</Filter>
    </ClInclude>
    <ClInclude Include="Source\GameStateManagement\RankingsState.h">
      <Filter>Game State Management\Menu Flow</Filter>
    </ClInclude>
    <ClInclude Include="Source\GameStateManagement\SplashState.h">
      <Filter>Game State Management\Menu Flow</Filter>
    </ClInclude>
    <ClInclude Include="Source\GameStateManagement\WinState.h">
      <Filter>Game State Management\Menu Flow</Filter>
    </ClInclude>
    <ClInclude Include="Source\Scenes\SceneManager2D.h">
      <Filter>Scenes\Master</Filter>
    </ClInclude>
    <ClInclude Include="Source\Scenes\SceneManager.h">
      <Filter>Scenes\Master</Filter>
    </ClInclude>
    <ClInclude Include="Source\Scenes\SceneHub.h">
      <Filter>Scenes\Game Flow</Filter>
    </ClInclude>
    <ClInclude Include="Source\Scenes\SceneInstruction.h">
      <Filter>Scenes\Menu Flow</Filter>
    </ClInclude>
    <ClInclude Include="Source\Scenes\SceneLoadGame.h">
      <Filter>Scenes\Menu Flow</Filter>
    </ClInclude>
    <ClInclude Include="Source\Scenes\SceneLose.h">
      <Filter>Scenes\Menu Flow</Filter>
    </ClInclude>
    <ClInclude Include="Source\Scenes\SceneMenu.h">
      <Filter>Scenes\Menu Flow</Filter>
    </ClInclude>
    <ClInclude Include="Source\Scenes\SceneOptions.h">
      <Filter>Scenes\Menu Flow</Filter>
    </ClInclude>
    <ClInclude Include="Source\Scenes\ScenePause.h">
      <Filter>Scenes\Menu Flow</Filter>
    </ClInclude>
    <ClInclude Include="Source\Scenes\ScenePlay.h">
      <Filter>Scenes\Menu Flow</Filter>
    </ClInclude>
    <ClInclude Include="Source\Scenes\ScenePlay2D.h">
      <Filter>Scenes\Menu Flow</Filter>
    </ClInclude>
    <ClInclude Include="Source\Scenes\SceneRankings.h">
      <Filter>Scenes\Menu Flow</Filter>
    </ClInclude>
    <ClInclude Include="Source\Scenes\SceneSplash.h">
      <Filter>Scenes\Menu Flow</Filter>
    </ClInclude>
    <ClInclude Include="Source\Scenes\SceneWin.h">
      <Filter>Scenes\Menu Flow</Filter>
    </ClInclude>
    <ClInclude Include="Source\GameStateManagement\LoadGameSelect.h">
      <Filter>Game State Management\Menu Flow</Filter>
    </ClInclude>
  </ItemGroup>
  <ItemGroup>
    <Filter Include="Application Items">
      <UniqueIdentifier>{edf71a76-1da1-4eec-b4c9-fed823df6ef6}</UniqueIdentifier>
    </Filter>
    <Filter Include="AI">
      <UniqueIdentifier>{3787f14a-367a-49b5-9043-c4c67f020afd}</UniqueIdentifier>
    </Filter>
    <Filter Include="Game Mechanics">
      <UniqueIdentifier>{51bb4b06-2f4c-4803-9b8e-30973a363bea}</UniqueIdentifier>
    </Filter>
    <Filter Include="Game State Management">
      <UniqueIdentifier>{c1016112-d2b3-47bc-bf44-2271acc81ad4}</UniqueIdentifier>
    </Filter>
    <Filter Include="Highscore">
      <UniqueIdentifier>{0b40998c-2205-4935-b5f0-56c9e8a30acf}</UniqueIdentifier>
    </Filter>
    <Filter Include="Sound">
      <UniqueIdentifier>{70f43dee-a1a2-448b-aa06-942a9cd39346}</UniqueIdentifier>
    </Filter>
    <Filter Include="Spatial Partition">
      <UniqueIdentifier>{f4973d1b-09de-4e65-88c6-13a5a16acad0}</UniqueIdentifier>
    </Filter>
    <Filter Include="Scenes">
      <UniqueIdentifier>{7776297e-695d-4f2a-b2c4-446199084398}</UniqueIdentifier>
    </Filter>
    <Filter Include="2D">
      <UniqueIdentifier>{2fb080c5-7456-42b7-bc56-ddc59020add2}</UniqueIdentifier>
    </Filter>
    <Filter Include="Lua">
      <UniqueIdentifier>{85f3563f-74ac-4d08-b2a5-15e894e0ad8f}</UniqueIdentifier>
    </Filter>
    <Filter Include="Scene Graph">
      <UniqueIdentifier>{96c8b81c-7bda-485e-b9a8-722402348cdd}</UniqueIdentifier>
    </Filter>
    <Filter Include="Occlusion">
      <UniqueIdentifier>{5bb70cb9-1e81-495b-b580-6ee8ca893d7a}</UniqueIdentifier>
    </Filter>
    <Filter Include="Game State Management\Master">
      <UniqueIdentifier>{cca921ed-fb84-4fb2-ac24-dce043284a50}</UniqueIdentifier>
    </Filter>
    <Filter Include="Game State Management\Game Flow">
      <UniqueIdentifier>{15e45a54-4f30-4365-8cd9-ecfb6c929971}</UniqueIdentifier>
    </Filter>
    <Filter Include="Game State Management\Menu Flow">
      <UniqueIdentifier>{1757cd9f-a679-4f74-a6b1-6d6bb9300f80}</UniqueIdentifier>
    </Filter>
    <Filter Include="Scenes\Master">
      <UniqueIdentifier>{b4a970cc-3ad8-4f39-8e7a-a870d35715bd}</UniqueIdentifier>
    </Filter>
    <Filter Include="Scenes\Game Flow">
      <UniqueIdentifier>{2861c955-b152-4cf5-8f60-0be8f87ae1f3}</UniqueIdentifier>
    </Filter>
    <Filter Include="Scenes\Menu Flow">
      <UniqueIdentifier>{1ee952c7-ba4d-46f9-8e1b-ffcf8e832c12}</UniqueIdentifier>
    </Filter>
  </ItemGroup>
</Project>